<Solution>
  <Folder Name="/src/" />
  <Folder Name="/src/Api/">
    <Project Path="src/Api/LinkedIn.Api/LinkedIn.Api.csproj" Id="0c805063-a14e-4230-9b38-bbcc257e3660" />
  </Folder>
  <Folder Name="/src/Modules/" />
  <Folder Name="/src/Modules/Blogs/">
    <Project Path="src/Modules/Blogs/LinkedIn.Modules.Blogs.Contracts/LinkedIn.Modules.Blogs.Contracts.csproj" Id="93a76703-7f0e-4602-80fe-737ecb6e2c83" />
    <Project Path="src/Modules/Blogs/LinkedIn.Modules.Blogs/LinkedIn.Modules.Blogs.csproj" Id="a41f1c4a-23cc-42e2-8012-3a2f0a2128ff" />
  </Folder>
  <Folder Name="/src/Modules/Jobs/">
    <Project Path="src/Modules/Jobs/LinkedIn.Modules.Jobs.Contracts/LinkedIn.Modules.Jobs.Contracts.csproj" />
    <Project Path="src/Modules/Jobs/LinkedIn.Modules.Jobs/LinkedIn.Modules.Jobs.csproj" />
  </Folder>
  <Folder Name="/src/Modules/Users/">
    <Project Path="src/Modules/Users/LinkedIn.Users.Modules/LinkedIn.Modules.USers.csproj" Id="32e9afd8-7d14-4e61-8a26-9d00912ae0f6" />
  </Folder>
  <Folder Name="/src/MVC/">
    <Project Path="src/MVC/LinkedIn.MVC/LinkedIn.MVC.csproj" Id="d3ef344c-4c47-4b2d-9aed-0df97de4ff76" />
  </Folder>
  <Folder Name="/src/Shared/">
    <Project Path="src/Shared/LinkedIn.Shared.Abstractions/LinkedIn.Shared.Abstractions.csproj" />
    <Project Path="src/Shared/LinkedIn.Shared.Infrastructure/LinkedIn.Shared.Infrastructure.csproj" Id="bf121a10-3ece-4df9-baf5-b8af76edce7a" />
  </Folder>
</Solution>
